lockfileVersion: '9.0'

settings:
  autoInstallPeers: true
  excludeLinksFromLockfile: false

importers:

  .:
    devDependencies:
      '@types/node':
        specifier: ^20.17.10
        version: 20.19.41
      tsx:
        specifier: 4.21.0
        version: 4.21.0
      typescript:
        specifier: ^5.6.3
        version: 5.9.3
    optionalDependencies:
      '@sentry/node':
        specifier: ^8.0.0
        version: 8.55.2
      pg:
        specifier: ^8.11.0
        version: 8.21.0

packages:

  '@esbuild/aix-ppc64@0.27.7':
    resolution: {integrity: sha512-EKX3Qwmhz1eMdEJokhALr0YiD0lhQNwDqkPYyPhiSwKrh7/4KRjQc04sZ8db+5DVVnZ1LmbNDI1uAMPEUBnQPg==}
    engines: {node: '>=18'}
    cpu: [ppc64]
    os: [aix]

  '@esbuild/android-arm64@0.27.7':
    resolution: {integrity: sha512-62dPZHpIXzvChfvfLJow3q5dDtiNMkwiRzPylSCfriLvZeq0a1bWChrGx/BbUbPwOrsWKMn8idSllklzBy+dgQ==}
    engines: {node: '>=18'}
    cpu: [arm64]
    os: [android]

  '@esbuild/android-arm@0.27.7':
    resolution: {integrity: sha512-jbPXvB4Yj2yBV7HUfE2KHe4GJX51QplCN1pGbYjvsyCZbQmies29EoJbkEc+vYuU5o45AfQn37vZlyXy4YJ8RQ==}
    engines: {node: '>=18'}
    cpu: [arm]
    os: [android]

  '@esbuild/android-x64@0.27.7':
    resolution: {integrity: sha512-x5VpMODneVDb70PYV2VQOmIUUiBtY3D3mPBG8NxVk5CogneYhkR7MmM3yR/uMdITLrC1ml/NV1rj4bMJuy9MCg==}
    engines: {node: '>=18'}
    cpu: [x64]
    os: [android]

  '@esbuild/darwin-arm64@0.27.7':
    resolution: {integrity: sha512-5lckdqeuBPlKUwvoCXIgI2D9/ABmPq3Rdp7IfL70393YgaASt7tbju3Ac+ePVi3KDH6N2RqePfHnXkaDtY9fkw==}
    engines: {node: '>=18'}
    cpu: [arm64]
    os: [darwin]

  '@esbuild/darwin-x64@0.27.7':
    resolution: {integrity: sha512-rYnXrKcXuT7Z+WL5K980jVFdvVKhCHhUwid+dDYQpH+qu+TefcomiMAJpIiC2EM3Rjtq0sO3StMV/+3w3MyyqQ==}
    engines: {node: '>=18'}
    cpu: [x64]
    os: [darwin]

  '@esbuild/freebsd-arm64@0.27.7':
    resolution: {integrity: sha512-B48PqeCsEgOtzME2GbNM2roU29AMTuOIN91dsMO30t+Ydis3z/3Ngoj5hhnsOSSwNzS+6JppqWsuhTp6E82l2w==}
    engines: {node: '>=18'}
    cpu: [arm64]
    os: [freebsd]

  '@esbuild/freebsd-x64@0.27.7':
    resolution: {integrity: sha512-jOBDK5XEjA4m5IJK3bpAQF9/Lelu/Z9ZcdhTRLf4cajlB+8VEhFFRjWgfy3M1O4rO2GQ/b2dLwCUGpiF/eATNQ==}
    engines: {node: '>=18'}
    cpu: [x64]
    os: [freebsd]

  '@esbuild/linux-arm64@0.27.7':
    resolution: {integrity: sha512-RZPHBoxXuNnPQO9rvjh5jdkRmVizktkT7TCDkDmQ0W2SwHInKCAV95GRuvdSvA7w4VMwfCjUiPwDi0ZO6Nfe9A==}
    engines: {node: '>=18'}
    cpu: [arm64]
    os: [linux]

  '@esbuild/linux-arm@0.27.7':
    resolution: {integrity: sha512-RkT/YXYBTSULo3+af8Ib0ykH8u2MBh57o7q/DAs3lTJlyVQkgQvlrPTnjIzzRPQyavxtPtfg0EopvDyIt0j1rA==}
    engines: {node: '>=18'}
    cpu: [arm]
    os: [linux]

  '@esbuild/linux-ia32@0.27.7':
    resolution: {integrity: sha512-GA48aKNkyQDbd3KtkplYWT102C5sn/EZTY4XROkxONgruHPU72l+gW+FfF8tf2cFjeHaRbWpOYa/uRBz/Xq1Pg==}
    engines: {node: '>=18'}
    cpu: [ia32]
    os: [linux]

  '@esbuild/linux-loong64@0.27.7':
    resolution: {integrity: sha512-a4POruNM2oWsD4WKvBSEKGIiWQF8fZOAsycHOt6JBpZ+JN2n2JH9WAv56SOyu9X5IqAjqSIPTaJkqN8F7XOQ5Q==}
    engines: {node: '>=18'}
    cpu: [loong64]
    os: [linux]

  '@esbuild/linux-mips64el@0.27.7':
    resolution: {integrity: sha512-KabT5I6StirGfIz0FMgl1I+R1H73Gp0ofL9A3nG3i/cYFJzKHhouBV5VWK1CSgKvVaG4q1RNpCTR2LuTVB3fIw==}
    engines: {node: '>=18'}
    cpu: [mips64el]
    os: [linux]

  '@esbuild/linux-ppc64@0.27.7':
    resolution: {integrity: sha512-gRsL4x6wsGHGRqhtI+ifpN/vpOFTQtnbsupUF5R5YTAg+y/lKelYR1hXbnBdzDjGbMYjVJLJTd2OFmMewAgwlQ==}
    engines: {node: '>=18'}
    cpu: [ppc64]
    os: [linux]

  '@esbuild/linux-riscv64@0.27.7':
    resolution: {integrity: sha512-hL25LbxO1QOngGzu2U5xeXtxXcW+/GvMN3ejANqXkxZ/opySAZMrc+9LY/WyjAan41unrR3YrmtTsUpwT66InQ==}
    engines: {node: '>=18'}
    cpu: [riscv64]
    os: [linux]

  '@esbuild/linux-s390x@0.27.7':
    resolution: {integrity: sha512-2k8go8Ycu1Kb46vEelhu1vqEP+UeRVj2zY1pSuPdgvbd5ykAw82Lrro28vXUrRmzEsUV0NzCf54yARIK8r0fdw==}
    engines: {node: '>=18'}
    cpu: [s390x]
    os: [linux]

  '@esbuild/linux-x64@0.27.7':
    resolution: {integrity: sha512-hzznmADPt+OmsYzw1EE33ccA+HPdIqiCRq7cQeL1Jlq2gb1+OyWBkMCrYGBJ+sxVzve2ZJEVeePbLM2iEIZSxA==}
    engines: {node: '>=18'}
    cpu: [x64]
    os: [linux]

  '@esbuild/netbsd-arm64@0.27.7':
    resolution: {integrity: sha512-b6pqtrQdigZBwZxAn1UpazEisvwaIDvdbMbmrly7cDTMFnw/+3lVxxCTGOrkPVnsYIosJJXAsILG9XcQS+Yu6w==}
    engines: {node: '>=18'}
    cpu: [arm64]
    os: [netbsd]

  '@esbuild/netbsd-x64@0.27.7':
    resolution: {integrity: sha512-OfatkLojr6U+WN5EDYuoQhtM+1xco+/6FSzJJnuWiUw5eVcicbyK3dq5EeV/QHT1uy6GoDhGbFpprUiHUYggrw==}
    engines: {node: '>=18'}
    cpu: [x64]
    os: [netbsd]

  '@esbuild/openbsd-arm64@0.27.7':
    resolution: {integrity: sha512-AFuojMQTxAz75Fo8idVcqoQWEHIXFRbOc1TrVcFSgCZtQfSdc1RXgB3tjOn/krRHENUB4j00bfGjyl2mJrU37A==}
    engines: {node: '>=18'}
    cpu: [arm64]
    os: [openbsd]

  '@esbuild/openbsd-x64@0.27.7':
    resolution: {integrity: sha512-+A1NJmfM8WNDv5CLVQYJ5PshuRm/4cI6WMZRg1by1GwPIQPCTs1GLEUHwiiQGT5zDdyLiRM/l1G0Pv54gvtKIg==}
    engines: {node: '>=18'}
    cpu: [x64]
    os: [openbsd]

  '@esbuild/openharmony-arm64@0.27.7':
    resolution: {integrity: sha512-+KrvYb/C8zA9CU/g0sR6w2RBw7IGc5J2BPnc3dYc5VJxHCSF1yNMxTV5LQ7GuKteQXZtspjFbiuW5/dOj7H4Yw==}
    engines: {node: '>=18'}
    cpu: [arm64]
    os: [openharmony]

  '@esbuild/sunos-x64@0.27.7':
    resolution: {integrity: sha512-ikktIhFBzQNt/QDyOL580ti9+5mL/YZeUPKU2ivGtGjdTYoqz6jObj6nOMfhASpS4GU4Q/Clh1QtxWAvcYKamA==}
    engines: {node: '>=18'}
    cpu: [x64]
    os: [sunos]

  '@esbuild/win32-arm64@0.27.7':
    resolution: {integrity: sha512-7yRhbHvPqSpRUV7Q20VuDwbjW5kIMwTHpptuUzV+AA46kiPze5Z7qgt6CLCK3pWFrHeNfDd1VKgyP4O+ng17CA==}
    engines: {node: '>=18'}
    cpu: [arm64]
    os: [win32]

  '@esbuild/win32-ia32@0.27.7':
    resolution: {integrity: sha512-SmwKXe6VHIyZYbBLJrhOoCJRB/Z1tckzmgTLfFYOfpMAx63BJEaL9ExI8x7v0oAO3Zh6D/Oi1gVxEYr5oUCFhw==}
    engines: {node: '>=18'}
    cpu: [ia32]
    os: [win32]

  '@esbuild/win32-x64@0.27.7':
    resolution: {integrity: sha512-56hiAJPhwQ1R4i+21FVF7V8kSD5zZTdHcVuRFMW0hn753vVfQN8xlx4uOPT4xoGH0Z/oVATuR82AiqSTDIpaHg==}
    engines: {node: '>=18'}
    cpu: [x64]
    os: [win32]

  '@opentelemetry/api-logs@0.53.0':
    resolution: {integrity: sha512-8HArjKx+RaAI8uEIgcORbZIPklyh1YLjPSBus8hjRmvLi6DeFzgOcdZ7KwPabKj8mXF8dX0hyfAyGfycz0DbFw==}
    engines: {node: '>=14'}

  '@opentelemetry/api-logs@0.57.1':
    resolution: {integrity: sha512-I4PHczeujhQAQv6ZBzqHYEUiggZL4IdSMixtVD3EYqbdrjujE7kRfI5QohjlPoJm8BvenoW5YaTMWRrbpot6tg==}
    engines: {node: '>=14'}

  '@opentelemetry/api-logs@0.57.2':
    resolution: {integrity: sha512-uIX52NnTM0iBh84MShlpouI7UKqkZ7MrUszTmaypHBu4r7NofznSnQRfJ+uUeDtQDj6w8eFGg5KBLDAwAPz1+A==}
    engines: {node: '>=14'}

  '@opentelemetry/api@1.9.1':
    resolution: {integrity: sha512-gLyJlPHPZYdAk1JENA9LeHejZe1Ti77/pTeFm/nMXmQH/HFZlcS/O2XJB+L8fkbrNSqhdtlvjBVjxwUYanNH5Q==}
    engines: {node: '>=8.0.0'}

  '@opentelemetry/context-async-hooks@1.30.1':
    resolution: {integrity: sha512-s5vvxXPVdjqS3kTLKMeBMvop9hbWkwzBpu+mUO2M7sZtlkyDJGwFe33wRKnbaYDo8ExRVBIIdwIGrqpxHuKttA==}
    engines: {node: '>=14'}
    peerDependencies:
      '@opentelemetry/api': '>=1.0.0 <1.10.0'

  '@opentelemetry/core@1.30.1':
    resolution: {integrity: sha512-OOCM2C/QIURhJMuKaekP3TRBxBKxG/TWWA0TL2J6nXUtDnuCtccy49LUJF8xPFXMX+0LMcxFpCo8M9cGY1W6rQ==}
    engines: {node: '>=14'}
    peerDependencies:
      '@opentelemetry/api': '>=1.0.0 <1.10.0'

  '@opentelemetry/instrumentation-amqplib@0.46.1':
    resolution: {integrity: sha512-AyXVnlCf/xV3K/rNumzKxZqsULyITJH6OVLiW6730JPRqWA7Zc9bvYoVNpN6iOpTU8CasH34SU/ksVJmObFibQ==}
    engines: {node: '>=14'}
    peerDependencies:
      '@opentelemetry/api': ^1.3.0

  '@opentelemetry/instrumentation-connect@0.43.0':
    resolution: {integrity: sha512-Q57JGpH6T4dkYHo9tKXONgLtxzsh1ZEW5M9A/OwKrZFyEpLqWgjhcZ3hIuVvDlhb426iDF1f9FPToV/mi5rpeA==}
    engines: {node: '>=14'}
    peerDependencies:
      '@opentelemetry/api': ^1.3.0

  '@opentelemetry/instrumentation-dataloader@0.16.0':
    resolution: {integrity: sha512-88+qCHZC02up8PwKHk0UQKLLqGGURzS3hFQBZC7PnGwReuoKjHXS1o29H58S+QkXJpkTr2GACbx8j6mUoGjNPA==}
    engines: {node: '>=14'}
    peerDependencies:
      '@opentelemetry/api': ^1.3.0

  '@opentelemetry/instrumentation-express@0.47.0':
    resolution: {integrity: sha512-XFWVx6k0XlU8lu6cBlCa29ONtVt6ADEjmxtyAyeF2+rifk8uBJbk1La0yIVfI0DoKURGbaEDTNelaXG9l/lNNQ==}
    engines: {node: '>=14'}
    peerDependencies:
      '@opentelemetry/api': ^1.3.0

  '@opentelemetry/instrumentation-fastify@0.44.1':
    resolution: {integrity: sha512-RoVeMGKcNttNfXMSl6W4fsYoCAYP1vi6ZAWIGhBY+o7R9Y0afA7f9JJL0j8LHbyb0P0QhSYk+6O56OwI2k4iRQ==}
    engines: {node: '>=14'}
    peerDependencies:
      '@opentelemetry/api': ^1.3.0

  '@opentelemetry/instrumentation-fs@0.19.0':
    resolution: {integrity: sha512-JGwmHhBkRT2G/BYNV1aGI+bBjJu4fJUD/5/Jat0EWZa2ftrLV3YE8z84Fiij/wK32oMZ88eS8DI4ecLGZhpqsQ==}
    engines: {node: '>=14'}
    peerDependencies:
      '@opentelemetry/api': ^1.3.0

  '@opentelemetry/instrumentation-generic-pool@0.43.0':
    resolution: {integrity: sha512-at8GceTtNxD1NfFKGAuwtqM41ot/TpcLh+YsGe4dhf7gvv1HW/ZWdq6nfRtS6UjIvZJOokViqLPJ3GVtZItAnQ==}
    engines: {node: '>=14'}
    peerDependencies:
      '@opentelemetry/api': ^1.3.0

  '@opentelemetry/instrumentation-graphql@0.47.0':
    resolution: {integrity: sha512-Cc8SMf+nLqp0fi8oAnooNEfwZWFnzMiBHCGmDFYqmgjPylyLmi83b+NiTns/rKGwlErpW0AGPt0sMpkbNlzn8w==}
    engines: {node: '>=14'}
    peerDependencies:
      '@opentelemetry/api': ^1.3.0

  '@opentelemetry/instrumentation-hapi@0.45.1':
    resolution: {integrity: sha512-VH6mU3YqAKTePPfUPwfq4/xr049774qWtfTuJqVHoVspCLiT3bW+fCQ1toZxt6cxRPYASoYaBsMA3CWo8B8rcw==}
    engines: {node: '>=14'}
    peerDependencies:
      '@opentelemetry/api': ^1.3.0

  '@opentelemetry/instrumentation-http@0.57.1':
    resolution: {integrity: sha512-ThLmzAQDs7b/tdKI3BV2+yawuF09jF111OFsovqT1Qj3D8vjwKBwhi/rDE5xethwn4tSXtZcJ9hBsVAlWFQZ7g==}
    engines: {node: '>=14'}
    peerDependencies:
      '@opentelemetry/api': ^1.3.0

  '@opentelemetry/instrumentation-ioredis@0.47.0':
    resolution: {integrity: sha512-4HqP9IBC8e7pW9p90P3q4ox0XlbLGme65YTrA3UTLvqvo4Z6b0puqZQP203YFu8m9rE/luLfaG7/xrwwqMUpJw==}
    engines: {node: '>=14'}
    peerDependencies:
      '@opentelemetry/api': ^1.3.0

  '@opentelemetry/instrumentation-kafkajs@0.7.0':
    resolution: {integrity: sha512-LB+3xiNzc034zHfCtgs4ITWhq6Xvdo8bsq7amR058jZlf2aXXDrN9SV4si4z2ya9QX4tz6r4eZJwDkXOp14/AQ==}
    engines: {node: '>=14'}
    peerDependencies:
      '@opentelemetry/api': ^1.3.0

  '@opentelemetry/instrumentation-knex@0.44.0':
    resolution: {integrity: sha512-SlT0+bLA0Lg3VthGje+bSZatlGHw/vwgQywx0R/5u9QC59FddTQSPJeWNw29M6f8ScORMeUOOTwihlQAn4GkJQ==}
    engines: {node: '>=14'}
    peerDependencies:
      '@opentelemetry/api': ^1.3.0

  '@opentelemetry/instrumentation-koa@0.47.0':
    resolution: {integrity: sha512-HFdvqf2+w8sWOuwtEXayGzdZ2vWpCKEQv5F7+2DSA74Te/Cv4rvb2E5So5/lh+ok4/RAIPuvCbCb/SHQFzMmbw==}
    engines: {node: '>=14'}
    peerDependencies:
      '@opentelemetry/api': ^1.3.0

  '@opentelemetry/instrumentation-lru-memoizer@0.44.0':
    resolution: {integrity: sha512-Tn7emHAlvYDFik3vGU0mdwvWJDwtITtkJ+5eT2cUquct6nIs+H8M47sqMJkCpyPe5QIBJoTOHxmc6mj9lz6zDw==}
    engines: {node: '>=14'}
    peerDependencies:
      '@opentelemetry/api': ^1.3.0

  '@opentelemetry/instrumentation-mongodb@0.51.0':
    resolution: {integrity: sha512-cMKASxCX4aFxesoj3WK8uoQ0YUrRvnfxaO72QWI2xLu5ZtgX/QvdGBlU3Ehdond5eb74c2s1cqRQUIptBnKz1g==}
    engines: {node: '>=14'}
    peerDependencies:
      '@opentelemetry/api': ^1.3.0

  '@opentelemetry/instrumentation-mongoose@0.46.0':
    resolution: {integrity: sha512-mtVv6UeaaSaWTeZtLo4cx4P5/ING2obSqfWGItIFSunQBrYROfhuVe7wdIrFUs2RH1tn2YYpAJyMaRe/bnTTIQ==}
    engines: {node: '>=14'}
    peerDependencies:
      '@opentelemetry/api': ^1.3.0

  '@opentelemetry/instrumentation-mysql2@0.45.0':
    resolution: {integrity: sha512-qLslv/EPuLj0IXFvcE3b0EqhWI8LKmrgRPIa4gUd8DllbBpqJAvLNJSv3cC6vWwovpbSI3bagNO/3Q2SuXv2xA==}
    engines: {node: '>=14'}
    peerDependencies:
      '@opentelemetry/api': ^1.3.0

  '@opentelemetry/instrumentation-mysql@0.45.0':
    resolution: {integrity: sha512-tWWyymgwYcTwZ4t8/rLDfPYbOTF3oYB8SxnYMtIQ1zEf5uDm90Ku3i6U/vhaMyfHNlIHvDhvJh+qx5Nc4Z3Acg==}
    engines: {node: '>=14'}
    peerDependencies:
      '@opentelemetry/api': ^1.3.0

  '@opentelemetry/instrumentation-nestjs-core@0.44.0':
    resolution: {integrity: sha512-t16pQ7A4WYu1yyQJZhRKIfUNvl5PAaF2pEteLvgJb/BWdd1oNuU1rOYt4S825kMy+0q4ngiX281Ss9qiwHfxFQ==}
    engines: {node: '>=14'}
    peerDependencies:
      '@opentelemetry/api': ^1.3.0

  '@opentelemetry/instrumentation-pg@0.50.0':
    resolution: {integrity: sha512-TtLxDdYZmBhFswm8UIsrDjh/HFBeDXd4BLmE8h2MxirNHewLJ0VS9UUddKKEverb5Sm2qFVjqRjcU+8Iw4FJ3w==}
    engines: {node: '>=14'}
    peerDependencies:
      '@opentelemetry/api': ^1.3.0

  '@opentelemetry/instrumentation-redis-4@0.46.0':
    resolution: {integrity: sha512-aTUWbzbFMFeRODn3720TZO0tsh/49T8H3h8vVnVKJ+yE36AeW38Uj/8zykQ/9nO8Vrtjr5yKuX3uMiG/W8FKNw==}
    engines: {node: '>=14'}
    peerDependencies:
      '@opentelemetry/api': ^1.3.0

  '@opentelemetry/instrumentation-tedious@0.18.0':
    resolution: {integrity: sha512-9zhjDpUDOtD+coeADnYEJQ0IeLVCj7w/hqzIutdp5NqS1VqTAanaEfsEcSypyvYv5DX3YOsTUoF+nr2wDXPETA==}
    engines: {node: '>=14'}
    peerDependencies:
      '@opentelemetry/api': ^1.3.0

  '@opentelemetry/instrumentation-undici@0.10.0':
    resolution: {integrity: sha512-vm+V255NGw9gaSsPD6CP0oGo8L55BffBc8KnxqsMuc6XiAD1L8SFNzsW0RHhxJFqy9CJaJh+YiJ5EHXuZ5rZBw==}
    engines: {node: '>=14'}
    peerDependencies:
      '@opentelemetry/api': ^1.7.0

  '@opentelemetry/instrumentation@0.53.0':
    resolution: {integrity: sha512-DMwg0hy4wzf7K73JJtl95m/e0boSoWhH07rfvHvYzQtBD3Bmv0Wc1x733vyZBqmFm8OjJD0/pfiUg1W3JjFX0A==}
    engines: {node: '>=14'}
    peerDependencies:
      '@opentelemetry/api': ^1.3.0

  '@opentelemetry/instrumentation@0.57.1':
    resolution: {integrity: sha512-SgHEKXoVxOjc20ZYusPG3Fh+RLIZTSa4x8QtD3NfgAUDyqdFFS9W1F2ZVbZkqDCdyMcQG02Ok4duUGLHJXHgbA==}
    engines: {node: '>=14'}
    peerDependencies:
      '@opentelemetry/api': ^1.3.0

  '@opentelemetry/instrumentation@0.57.2':
    resolution: {integrity: sha512-BdBGhQBh8IjZ2oIIX6F2/Q3LKm/FDDKi6ccYKcBTeilh6SNdNKveDOLk73BkSJjQLJk6qe4Yh+hHw1UPhCDdrg==}
    engines: {node: '>=14'}
    peerDependencies:
      '@opentelemetry/api': ^1.3.0

  '@opentelemetry/redis-common@0.36.2':
    resolution: {integrity: sha512-faYX1N0gpLhej/6nyp6bgRjzAKXn5GOEMYY7YhciSfCoITAktLUtQ36d24QEWNA1/WA1y6qQunCe0OhHRkVl9g==}
    engines: {node: '>=14'}

  '@opentelemetry/resources@1.30.1':
    resolution: {integrity: sha512-5UxZqiAgLYGFjS4s9qm5mBVo433u+dSPUFWVWXmLAD4wB65oMCoXaJP1KJa9DIYYMeHu3z4BZcStG3LC593cWA==}
    engines: {node: '>=14'}
    peerDependencies:
      '@opentelemetry/api': '>=1.0.0 <1.10.0'

  '@opentelemetry/sdk-trace-base@1.30.1':
    resolution: {integrity: sha512-jVPgBbH1gCy2Lb7X0AVQ8XAfgg0pJ4nvl8/IiQA6nxOsPvS+0zMJaFSs2ltXe0J6C8dqjcnpyqINDJmU30+uOg==}
    engines: {node: '>=14'}
    peerDependencies:
      '@opentelemetry/api': '>=1.0.0 <1.10.0'

  '@opentelemetry/semantic-conventions@1.27.0':
    resolution: {integrity: sha512-sAay1RrB+ONOem0OZanAR1ZI/k7yDpnOQSQmTMuGImUQb2y8EbSaCJ94FQluM74xoU03vlb2d2U90hZluL6nQg==}
    engines: {node: '>=14'}

  '@opentelemetry/semantic-conventions@1.28.0':
    resolution: {integrity: sha512-lp4qAiMTD4sNWW4DbKLBkfiMZ4jbAboJIGOQr5DvciMRI494OapieI9qiODpOt0XBr1LjIDy1xAGAnVs5supTA==}
    engines: {node: '>=14'}

  '@opentelemetry/semantic-conventions@1.41.1':
    resolution: {integrity: sha512-/UhIkaZgPutTFmQ7RnIJGgDXZmtEJ7Dvi86xNTFWcnRxVRNk/aotsqDJYeEvDP+FSMB2SdW+pQzNMcWP0rwuNA==}
    engines: {node: '>=14'}

  '@opentelemetry/sql-common@0.40.1':
    resolution: {integrity: sha512-nSDlnHSqzC3pXn/wZEZVLuAuJ1MYMXPBwtv2qAbCa3847SaHItdE7SzUq/Jtb0KZmh1zfAbNi3AAMjztTT4Ugg==}
    engines: {node: '>=14'}
    peerDependencies:
      '@opentelemetry/api': ^1.1.0

  '@prisma/instrumentation@5.22.0':
    resolution: {integrity: sha512-LxccF392NN37ISGxIurUljZSh1YWnphO34V5a0+T7FVQG2u9bhAXRTJpgmQ3483woVhkraQZFF7cbRrpbw/F4Q==}

  '@sentry/core@8.55.2':
    resolution: {integrity: sha512-YlEBwybUcOQ/KjMHDmof1vwweVnBtBxYlQp7DE3fOdtW4pqqdHWTnTntQs4VgYfxzjJYgtkd9LHlGtg8qy+JVQ==}
    engines: {node: '>=14.18'}

  '@sentry/node@8.55.2':
    resolution: {integrity: sha512-x3Whryb4TytiIhH9ABLVuASfBvwA50v6PpJYvq0Y9dUMi9Eb0cfuqvRCB3e+oVntZHQpnXor2U/gRBIdG2jp4w==}
    engines: {node: '>=14.18'}

  '@sentry/opentelemetry@8.55.2':
    resolution: {integrity: sha512-pbhXi4cS1W4l392yEfIx3UD28OYAl9JkYOmh/Cpm6cPTtRMPxi3hWeujGbcXV9T/RkWYjqd+JdUDJjqsWSww9A==}
    engines: {node: '>=14.18'}
    peerDependencies:
      '@opentelemetry/api': ^1.9.0
      '@opentelemetry/context-async-hooks': ^1.30.1
      '@opentelemetry/core': ^1.30.1
      '@opentelemetry/instrumentation': ^0.57.1
      '@opentelemetry/sdk-trace-base': ^1.30.1
      '@opentelemetry/semantic-conventions': ^1.28.0

  '@types/connect@3.4.36':
    resolution: {integrity: sha512-P63Zd/JUGq+PdrM1lv0Wv5SBYeA2+CORvbrXbngriYY0jzLUWfQMQQxOhjONEz/wlHOAxOdY7CY65rgQdTjq2w==}

  '@types/mysql@2.15.26':
    resolution: {integrity: sha512-DSLCOXhkvfS5WNNPbfn2KdICAmk8lLc+/PNvnPnF7gOdMZCxopXduqv0OQ13y/yA/zXTSikZZqVgybUxOEg6YQ==}

  '@types/node@20.19.41':
    resolution: {integrity: sha512-ECymXOukMnOoVkC2bb1Vc/w/836DXncOg5m8Xj1RH7xSHZJWNYY6Zh7EH477vcnD5egKNNfy2RpNOmuChhFPgQ==}

  '@types/pg-pool@2.0.6':
    resolution: {integrity: sha512-TaAUE5rq2VQYxab5Ts7WZhKNmuN78Q6PiFonTDdpbx8a1H0M1vhy3rhiMjl+e2iHmogyMw7jZF4FrE6eJUy5HQ==}

  '@types/pg@8.6.1':
    resolution: {integrity: sha512-1Kc4oAGzAl7uqUStZCDvaLFqZrW9qWSjXOmBfdgyBP5La7Us6Mg4GBvRlSoaZMhQF/zSj1C8CtKMBkoiT8eL8w==}

  '@types/shimmer@1.2.0':
    resolution: {integrity: sha512-UE7oxhQLLd9gub6JKIAhDq06T0F6FnztwMNRvYgjeQSBeMc1ZG/tA47EwfduvkuQS8apbkM/lpLpWsaCeYsXVg==}

  '@types/tedious@4.0.14':
    resolution: {integrity: sha512-KHPsfX/FoVbUGbyYvk1q9MMQHLPeRZhRJZdO45Q4YjvFkv4hMNghCWTvy7rdKessBsmtz4euWCWAB6/tVpI1Iw==}

  acorn-import-attributes@1.9.5:
    resolution: {integrity: sha512-n02Vykv5uA3eHGM/Z2dQrcD56kL8TyDb2p1+0P83PClMnC/nc+anbQRhIOWnSq4Ke/KvDPrY3C9hDtC/A3eHnQ==}
    peerDependencies:
      acorn: ^8

  acorn@8.16.0:
    resolution: {integrity: sha512-UVJyE9MttOsBQIDKw1skb9nAwQuR5wuGD3+82K6JgJlm/Y+KI92oNsMNGZCYdDsVtRHSak0pcV5Dno5+4jh9sw==}
    engines: {node: '>=0.4.0'}
    hasBin: true

  cjs-module-lexer@1.4.3:
    resolution: {integrity: sha512-9z8TZaGM1pfswYeXrUpzPrkx8UnWYdhJclsiYMm6x/w5+nN+8Tf/LnAgfLGQCm59qAOxU8WwHEq2vNwF6i4j+Q==}

  debug@4.4.3:
    resolution: {integrity: sha512-RGwwWnwQvkVfavKVt22FGLw+xYSdzARwm0ru6DhTVA3umU5hZc28V3kO4stgYryrTlLpuvgI9GiijltAjNbcqA==}
    engines: {node: '>=6.0'}
    peerDependencies:
      supports-color: '*'
    peerDependenciesMeta:
      supports-color:
        optional: true

  es-errors@1.3.0:
    resolution: {integrity: sha512-Zf5H2Kxt2xjTvbJvP2ZWLEICxA6j+hAmMzIlypy4xcBg1vKVnx89Wy0GbS+kf5cwCVFFzdCFh2XSCFNULS6csw==}
    engines: {node: '>= 0.4'}

  esbuild@0.27.7:
    resolution: {integrity: sha512-IxpibTjyVnmrIQo5aqNpCgoACA/dTKLTlhMHihVHhdkxKyPO1uBBthumT0rdHmcsk9uMonIWS0m4FljWzILh3w==}
    engines: {node: '>=18'}
    hasBin: true

  forwarded-parse@2.1.2:
    resolution: {integrity: sha512-alTFZZQDKMporBH77856pXgzhEzaUVmLCDk+egLgIgHst3Tpndzz8MnKe+GzRJRfvVdn69HhpW7cmXzvtLvJAw==}

  fsevents@2.3.3:
    resolution: {integrity: sha512-5xoDfX+fL7faATnagmWPpbFtwh/R77WmMMqqHGS65C3vvB0YHrgF+B1YmZ3441tMj5n63k0212XNoJwzlhffQw==}
    engines: {node: ^8.16.0 || ^10.6.0 || >=11.0.0}
    os: [darwin]

  function-bind@1.1.2:
    resolution: {integrity: sha512-7XHNxH7qX9xG5mIwxkhumTox/MIRNcOgDrxWsMt2pAr23WHp6MrRlN7FBSFpCpr+oVO0F744iUgR82nJMfG2SA==}

  get-tsconfig@4.14.0:
    resolution: {integrity: sha512-yTb+8DXzDREzgvYmh6s9vHsSVCHeC0G3PI5bEXNBHtmshPnO+S5O7qgLEOn0I5QvMy6kpZN8K1NKGyilLb93wA==}

  hasown@2.0.3:
    resolution: {integrity: sha512-ej4AhfhfL2Q2zpMmLo7U1Uv9+PyhIZpgQLGT1F9miIGmiCJIoCgSmczFdrc97mWT4kVY72KA+WnnhJ5pghSvSg==}
    engines: {node: '>= 0.4'}

  import-in-the-middle@1.15.0:
    resolution: {integrity: sha512-bpQy+CrsRmYmoPMAE/0G33iwRqwW4ouqdRg8jgbH3aKuCtOc8lxgmYXg2dMM92CRiGP660EtBcymH/eVUpCSaA==}

  is-core-module@2.16.2:
    resolution: {integrity: sha512-evOr8xfXKxE6qSR0hSXL2r3sd7ALj8+7jQEUvPYcm5sgZFdJ+AYzT6yNmJenvIYQBgIGwfwz08sL8zoL7yq2BA==}
    engines: {node: '>= 0.4'}

  module-details-from-path@1.0.4:
    resolution: {integrity: sha512-EGWKgxALGMgzvxYF1UyGTy0HXX/2vHLkw6+NvDKW2jypWbHpjQuj4UMcqQWXHERJhVGKikolT06G3bcKe4fi7w==}

  ms@2.1.3:
    resolution: {integrity: sha512-6FlzubTLZG3J2a/NVCAleEhjzq5oxgHyaCU9yYXvcLsvoVaHJq/s5xXI6/XXP6tz7R9xAOtHnSO/tXtF3WRTlA==}

  path-parse@1.0.7:
    resolution: {integrity: sha512-LDJzPVEEEPR+y48z93A0Ed0yXb8pAByGWo/k5YYdYgpY2/2EsOsksJrq7lOHxryrVOn1ejG6oAp8ahvOIQD8sw==}

  pg-cloudflare@1.4.0:
    resolution: {integrity: sha512-Vo7z/6rrQYxpNRylp4Tlob2elzbh+N/MOQbxFVWCxS7oEx6jF53GTJFxK2WWpKuBRkmiin4Mt+xofFDjx09R0A==}

  pg-connection-string@2.13.0:
    resolution: {integrity: sha512-EMnU9E2fSULdsbErBbMaXJvFeD9B4+nPcM3f+4lsiCR0BHLPrLVjv3DbyM2hgQQviKJaTWIRRTjKjWlHg3p2ig==}

  pg-int8@1.0.1:
    resolution: {integrity: sha512-WCtabS6t3c8SkpDBUlb1kjOs7l66xsGdKpIPZsg4wR+B3+u9UAum2odSsF9tnvxg80h4ZxLWMy4pRjOsFIqQpw==}
    engines: {node: '>=4.0.0'}

  pg-pool@3.14.0:
    resolution: {integrity: sha512-gKtPkFdQPU3DksooVLi9LsjZxrsBUZIpa+7aVx+LV5pNh0KzP4Zleud2po+ConrxbuXGBJ6Hfer6hdgpIBpBaw==}
    peerDependencies:
      pg: '>=8.0'

  pg-protocol@1.14.0:
    resolution: {integrity: sha512-n5taZ1kO3s9ngDTVxsEznOqCyToTgz0FLuPq0B33COy5pPpuWJpY3/2oRBVETuOgzdqRXfWpM9HIhp2LBBT1BA==}

  pg-types@2.2.0:
    resolution: {integrity: sha512-qTAAlrEsl8s4OiEQY69wDvcMIdQN6wdz5ojQiOy6YRMuynxenON0O5oCpJI6lshc6scgAY8qvJ2On/p+CXY0GA==}
    engines: {node: '>=4'}

  pg@8.21.0:
    resolution: {integrity: sha512-AUP1EYJuHraQGsVoCQVIcM7TEJVGtDzxWtGFZd8rds9d+CCXlU5Js1rYgfLNvxy9iJrpHjGrRjoi/3BT9fRyiA==}
    engines: {node: '>= 16.0.0'}
    peerDependencies:
      pg-native: '>=3.0.1'
    peerDependenciesMeta:
      pg-native:
        optional: true

  pgpass@1.0.5:
    resolution: {integrity: sha512-FdW9r/jQZhSeohs1Z3sI1yxFQNFvMcnmfuj4WBMUTxOrAyLMaTcE1aAMBiTlbMNaXvBCQuVi0R7hd8udDSP7ug==}

  postgres-array@2.0.0:
    resolution: {integrity: sha512-VpZrUqU5A69eQyW2c5CA1jtLecCsN2U/bD6VilrFDWq5+5UIEVO7nazS3TEcHf1zuPYO/sqGvUvW62g86RXZuA==}
    engines: {node: '>=4'}

  postgres-bytea@1.0.1:
    resolution: {integrity: sha512-5+5HqXnsZPE65IJZSMkZtURARZelel2oXUEO8rH83VS/hxH5vv1uHquPg5wZs8yMAfdv971IU+kcPUczi7NVBQ==}
    engines: {node: '>=0.10.0'}

  postgres-date@1.0.7:
    resolution: {integrity: sha512-suDmjLVQg78nMK2UZ454hAG+OAW+HQPZ6n++TNDUX+L0+uUlLywnoxJKDou51Zm+zTCjrCl0Nq6J9C5hP9vK/Q==}
    engines: {node: '>=0.10.0'}

  postgres-interval@1.2.0:
    resolution: {integrity: sha512-9ZhXKM/rw350N1ovuWHbGxnGh/SNJ4cnxHiM0rxE4VN41wsg8P8zWn9hv/buK00RP4WvlOyr/RBDiptyxVbkZQ==}
    engines: {node: '>=0.10.0'}

  require-in-the-middle@7.5.2:
    resolution: {integrity: sha512-gAZ+kLqBdHarXB64XpAe2VCjB7rIRv+mU8tfRWziHRJ5umKsIHN2tLLv6EtMw7WCdP19S0ERVMldNvxYCHnhSQ==}
    engines: {node: '>=8.6.0'}

  resolve-pkg-maps@1.0.0:
    resolution: {integrity: sha512-seS2Tj26TBVOC2NIc2rOe2y2ZO7efxITtLZcGSOnHHNOQ7CkiUBfw0Iw2ck6xkIhPwLhKNLS8BO+hEpngQlqzw==}

  resolve@1.22.12:
    resolution: {integrity: sha512-TyeJ1zif53BPfHootBGwPRYT1RUt6oGWsaQr8UyZW/eAm9bKoijtvruSDEmZHm92CwS9nj7/fWttqPCgzep8CA==}
    engines: {node: '>= 0.4'}
    hasBin: true

  semver@7.8.0:
    resolution: {integrity: sha512-AcM7dV/5ul4EekoQ29Agm5vri8JNqRyj39o0qpX6vDF2GZrtutZl5RwgD1XnZjiTAfncsJhMI48QQH3sN87YNA==}
    engines: {node: '>=10'}
    hasBin: true

  shimmer@1.2.1:
    resolution: {integrity: sha512-sQTKC1Re/rM6XyFM6fIAGHRPVGvyXfgzIDvzoq608vM+jeyVD0Tu1E6Np0Kc2zAIFWIj963V2800iF/9LPieQw==}

  split2@4.2.0:
    resolution: {integrity: sha512-UcjcJOWknrNkF6PLX83qcHM6KHgVKNkV62Y8a5uYDVv9ydGQVwAHMKqHdJje1VTWpljG0WYpCDhrCdAOYH4TWg==}
    engines: {node: '>= 10.x'}

  supports-preserve-symlinks-flag@1.0.0:
    resolution: {integrity: sha512-ot0WnXS9fgdkgIcePe6RHNk1WA8+muPa6cSjeR3V8K27q9BB1rTE3R1p7Hv0z1ZyAc8s6Vvv8DIyWf681MAt0w==}
    engines: {node: '>= 0.4'}

  tsx@4.21.0:
    resolution: {integrity: sha512-5C1sg4USs1lfG0GFb2RLXsdpXqBSEhAaA/0kPL01wxzpMqLILNxIxIOKiILz+cdg/pLnOUxFYOR5yhHU666wbw==}
    engines: {node: '>=18.0.0'}
    hasBin: true

  typescript@5.9.3:
    resolution: {integrity: sha512-jl1vZzPDinLr9eUt3J/t7V6FgNEw9QjvBPdysz9KfQDD41fQrC2Y4vKQdiaUpFT4bXlb1RHhLpp8wtm6M5TgSw==}
    engines: {node: '>=14.17'}
    hasBin: true

  undici-types@6.21.0:
    resolution: {integrity: sha512-iwDZqg0QAGrg9Rav5H4n0M64c3mkR59cJ6wQp+7C4nI0gsmExaedaYLNO44eT4AtBBwjbTiGPMlt2Md0T9H9JQ==}

  xtend@4.0.2:
    resolution: {integrity: sha512-LKYU1iAXJXUgAXn9URjiu+MWhyUXHsvfp7mcuYm9dSUKK0/CjtrUwFAxD82/mCWbtLsGjFIad0wIsod4zrTAEQ==}
    engines: {node: '>=0.4'}

snapshots:

  '@esbuild/aix-ppc64@0.27.7':
    optional: true

  '@esbuild/android-arm64@0.27.7':
    optional: true

  '@esbuild/android-arm@0.27.7':
    optional: true

  '@esbuild/android-x64@0.27.7':
    optional: true

  '@esbuild/darwin-arm64@0.27.7':
    optional: true

  '@esbuild/darwin-x64@0.27.7':
    optional: true

  '@esbuild/freebsd-arm64@0.27.7':
    optional: true

  '@esbuild/freebsd-x64@0.27.7':
    optional: true

  '@esbuild/linux-arm64@0.27.7':
    optional: true

  '@esbuild/linux-arm@0.27.7':
    optional: true

  '@esbuild/linux-ia32@0.27.7':
    optional: true

  '@esbuild/linux-loong64@0.27.7':
    optional: true

  '@esbuild/linux-mips64el@0.27.7':
    optional: true

  '@esbuild/linux-ppc64@0.27.7':
    optional: true

  '@esbuild/linux-riscv64@0.27.7':
    optional: true

  '@esbuild/linux-s390x@0.27.7':
    optional: true

  '@esbuild/linux-x64@0.27.7':
    optional: true

  '@esbuild/netbsd-arm64@0.27.7':
    optional: true

  '@esbuild/netbsd-x64@0.27.7':
    optional: true

  '@esbuild/openbsd-arm64@0.27.7':
    optional: true

  '@esbuild/openbsd-x64@0.27.7':
    optional: true

  '@esbuild/openharmony-arm64@0.27.7':
    optional: true

  '@esbuild/sunos-x64@0.27.7':
    optional: true

  '@esbuild/win32-arm64@0.27.7':
    optional: true

  '@esbuild/win32-ia32@0.27.7':
    optional: true

  '@esbuild/win32-x64@0.27.7':
    optional: true

  '@opentelemetry/api-logs@0.53.0':
    dependencies:
      '@opentelemetry/api': 1.9.1
    optional: true

  '@opentelemetry/api-logs@0.57.1':
    dependencies:
      '@opentelemetry/api': 1.9.1
    optional: true

  '@opentelemetry/api-logs@0.57.2':
    dependencies:
      '@opentelemetry/api': 1.9.1
    optional: true

  '@opentelemetry/api@1.9.1':
    optional: true

  '@opentelemetry/context-async-hooks@1.30.1(@opentelemetry/api@1.9.1)':
    dependencies:
      '@opentelemetry/api': 1.9.1
    optional: true

  '@opentelemetry/core@1.30.1(@opentelemetry/api@1.9.1)':
    dependencies:
      '@opentelemetry/api': 1.9.1
      '@opentelemetry/semantic-conventions': 1.28.0
    optional: true

  '@opentelemetry/instrumentation-amqplib@0.46.1(@opentelemetry/api@1.9.1)':
    dependencies:
      '@opentelemetry/api': 1.9.1
      '@opentelemetry/core': 1.30.1(@opentelemetry/api@1.9.1)
      '@opentelemetry/instrumentation': 0.57.2(@opentelemetry/api@1.9.1)
      '@opentelemetry/semantic-conventions': 1.41.1
    transitivePeerDependencies:
      - supports-color
    optional: true

  '@opentelemetry/instrumentation-connect@0.43.0(@opentelemetry/api@1.9.1)':
    dependencies:
      '@opentelemetry/api': 1.9.1
      '@opentelemetry/core': 1.30.1(@opentelemetry/api@1.9.1)
      '@opentelemetry/instrumentation': 0.57.2(@opentelemetry/api@1.9.1)
      '@opentelemetry/semantic-conventions': 1.41.1
      '@types/connect': 3.4.36
    transitivePeerDependencies:
      - supports-color
    optional: true

  '@opentelemetry/instrumentation-dataloader@0.16.0(@opentelemetry/api@1.9.1)':
    dependencies:
      '@opentelemetry/api': 1.9.1
      '@opentelemetry/instrumentation': 0.57.2(@opentelemetry/api@1.9.1)
    transitivePeerDependencies:
      - supports-color
    optional: true

  '@opentelemetry/instrumentation-express@0.47.0(@opentelemetry/api@1.9.1)':
    dependencies:
      '@opentelemetry/api': 1.9.1
      '@opentelemetry/core': 1.30.1(@opentelemetry/api@1.9.1)
      '@opentelemetry/instrumentation': 0.57.2(@opentelemetry/api@1.9.1)
      '@opentelemetry/semantic-conventions': 1.41.1
    transitivePeerDependencies:
      - supports-color
    optional: true

  '@opentelemetry/instrumentation-fastify@0.44.1(@opentelemetry/api@1.9.1)':
    dependencies:
      '@opentelemetry/api': 1.9.1
      '@opentelemetry/core': 1.30.1(@opentelemetry/api@1.9.1)
      '@opentelemetry/instrumentation': 0.57.2(@opentelemetry/api@1.9.1)
      '@opentelemetry/semantic-conventions': 1.41.1
    transitivePeerDependencies:
      - supports-color
    optional: true

  '@opentelemetry/instrumentation-fs@0.19.0(@opentelemetry/api@1.9.1)':
    dependencies:
      '@opentelemetry/api': 1.9.1
      '@opentelemetry/core': 1.30.1(@opentelemetry/api@1.9.1)
      '@opentelemetry/instrumentation': 0.57.2(@opentelemetry/api@1.9.1)
    transitivePeerDependencies:
      - supports-color
    optional: true

  '@opentelemetry/instrumentation-generic-pool@0.43.0(@opentelemetry/api@1.9.1)':
    dependencies:
      '@opentelemetry/api': 1.9.1
      '@opentelemetry/instrumentation': 0.57.2(@opentelemetry/api@1.9.1)
    transitivePeerDependencies:
      - supports-color
    optional: true

  '@opentelemetry/instrumentation-graphql@0.47.0(@opentelemetry/api@1.9.1)':
    dependencies:
      '@opentelemetry/api': 1.9.1
      '@opentelemetry/instrumentation': 0.57.2(@opentelemetry/api@1.9.1)
    transitivePeerDependencies:
      - supports-color
    optional: true

  '@opentelemetry/instrumentation-hapi@0.45.1(@opentelemetry/api@1.9.1)':
    dependencies:
      '@opentelemetry/api': 1.9.1
      '@opentelemetry/core': 1.30.1(@opentelemetry/api@1.9.1)
      '@opentelemetry/instrumentation': 0.57.2(@opentelemetry/api@1.9.1)
      '@opentelemetry/semantic-conventions': 1.41.1
    transitivePeerDependencies:
      - supports-color
    optional: true

  '@opentelemetry/instrumentation-http@0.57.1(@opentelemetry/api@1.9.1)':
    dependencies:
      '@opentelemetry/api': 1.9.1
      '@opentelemetry/core': 1.30.1(@opentelemetry/api@1.9.1)
      '@opentelemetry/instrumentation': 0.57.1(@opentelemetry/api@1.9.1)
      '@opentelemetry/semantic-conventions': 1.28.0
      forwarded-parse: 2.1.2
      semver: 7.8.0
    transitivePeerDependencies:
      - supports-color
    optional: true

  '@opentelemetry/instrumentation-ioredis@0.47.0(@opentelemetry/api@1.9.1)':
    dependencies:
      '@opentelemetry/api': 1.9.1
      '@opentelemetry/instrumentation': 0.57.2(@opentelemetry/api@1.9.1)
      '@opentelemetry/redis-common': 0.36.2
      '@opentelemetry/semantic-conventions': 1.41.1
    transitivePeerDependencies:
      - supports-color
    optional: true

  '@opentelemetry/instrumentation-kafkajs@0.7.0(@opentelemetry/api@1.9.1)':
    dependencies:
      '@opentelemetry/api': 1.9.1
      '@opentelemetry/instrumentation': 0.57.2(@opentelemetry/api@1.9.1)
      '@opentelemetry/semantic-conventions': 1.41.1
    transitivePeerDependencies:
      - supports-color
    optional: true

  '@opentelemetry/instrumentation-knex@0.44.0(@opentelemetry/api@1.9.1)':
    dependencies:
      '@opentelemetry/api': 1.9.1
      '@opentelemetry/instrumentation': 0.57.2(@opentelemetry/api@1.9.1)
      '@opentelemetry/semantic-conventions': 1.41.1
    transitivePeerDependencies:
      - supports-color
    optional: true

  '@opentelemetry/instrumentation-koa@0.47.0(@opentelemetry/api@1.9.1)':
    dependencies:
      '@opentelemetry/api': 1.9.1
      '@opentelemetry/core': 1.30.1(@opentelemetry/api@1.9.1)
      '@opentelemetry/instrumentation': 0.57.2(@opentelemetry/api@1.9.1)
      '@opentelemetry/semantic-conventions': 1.41.1
    transitivePeerDependencies:
      - supports-color
    optional: true

  '@opentelemetry/instrumentation-lru-memoizer@0.44.0(@opentelemetry/api@1.9.1)':
    dependencies:
      '@opentelemetry/api': 1.9.1
      '@opentelemetry/instrumentation': 0.57.2(@opentelemetry/api@1.9.1)
    transitivePeerDependencies:
      - supports-color
    optional: true

  '@opentelemetry/instrumentation-mongodb@0.51.0(@opentelemetry/api@1.9.1)':
    dependencies:
      '@opentelemetry/api': 1.9.1
      '@opentelemetry/instrumentation': 0.57.2(@opentelemetry/api@1.9.1)
      '@opentelemetry/semantic-conventions': 1.41.1
    transitivePeerDependencies:
      - supports-color
    optional: true

  '@opentelemetry/instrumentation-mongoose@0.46.0(@opentelemetry/api@1.9.1)':
    dependencies:
      '@opentelemetry/api': 1.9.1
      '@opentelemetry/core': 1.30.1(@opentelemetry/api@1.9.1)
      '@opentelemetry/instrumentation': 0.57.2(@opentelemetry/api@1.9.1)
      '@opentelemetry/semantic-conventions': 1.41.1
    transitivePeerDependencies:
      - supports-color
    optional: true

  '@opentelemetry/instrumentation-mysql2@0.45.0(@opentelemetry/api@1.9.1)':
    dependencies:
      '@opentelemetry/api': 1.9.1
      '@opentelemetry/instrumentation': 0.57.2(@opentelemetry/api@1.9.1)
      '@opentelemetry/semantic-conventions': 1.41.1
      '@opentelemetry/sql-common': 0.40.1(@opentelemetry/api@1.9.1)
    transitivePeerDependencies:
      - supports-color
    optional: true

  '@opentelemetry/instrumentation-mysql@0.45.0(@opentelemetry/api@1.9.1)':
    dependencies:
      '@opentelemetry/api': 1.9.1
      '@opentelemetry/instrumentation': 0.57.2(@opentelemetry/api@1.9.1)
      '@opentelemetry/semantic-conventions': 1.41.1
      '@types/mysql': 2.15.26
    transitivePeerDependencies:
      - supports-color
    optional: true

  '@opentelemetry/instrumentation-nestjs-core@0.44.0(@opentelemetry/api@1.9.1)':
    dependencies:
      '@opentelemetry/api': 1.9.1
      '@opentelemetry/instrumentation': 0.57.2(@opentelemetry/api@1.9.1)
      '@opentelemetry/semantic-conventions': 1.41.1
    transitivePeerDependencies:
      - supports-color
    optional: true

  '@opentelemetry/instrumentation-pg@0.50.0(@opentelemetry/api@1.9.1)':
    dependencies:
      '@opentelemetry/api': 1.9.1
      '@opentelemetry/core': 1.30.1(@opentelemetry/api@1.9.1)
      '@opentelemetry/instrumentation': 0.57.2(@opentelemetry/api@1.9.1)
      '@opentelemetry/semantic-conventions': 1.27.0
      '@opentelemetry/sql-common': 0.40.1(@opentelemetry/api@1.9.1)
      '@types/pg': 8.6.1
      '@types/pg-pool': 2.0.6
    transitivePeerDependencies:
      - supports-color
    optional: true

  '@opentelemetry/instrumentation-redis-4@0.46.0(@opentelemetry/api@1.9.1)':
    dependencies:
      '@opentelemetry/api': 1.9.1
      '@opentelemetry/instrumentation': 0.57.2(@opentelemetry/api@1.9.1)
      '@opentelemetry/redis-common': 0.36.2
      '@opentelemetry/semantic-conventions': 1.41.1
    transitivePeerDependencies:
      - supports-color
    optional: true

  '@opentelemetry/instrumentation-tedious@0.18.0(@opentelemetry/api@1.9.1)':
    dependencies:
      '@opentelemetry/api': 1.9.1
      '@opentelemetry/instrumentation': 0.57.2(@opentelemetry/api@1.9.1)
      '@opentelemetry/semantic-conventions': 1.41.1
      '@types/tedious': 4.0.14
    transitivePeerDependencies:
      - supports-color
    optional: true

  '@opentelemetry/instrumentation-undici@0.10.0(@opentelemetry/api@1.9.1)':
    dependencies:
      '@opentelemetry/api': 1.9.1
      '@opentelemetry/core': 1.30.1(@opentelemetry/api@1.9.1)
      '@opentelemetry/instrumentation': 0.57.2(@opentelemetry/api@1.9.1)
    transitivePeerDependencies:
      - supports-color
    optional: true

  '@opentelemetry/instrumentation@0.53.0(@opentelemetry/api@1.9.1)':
    dependencies:
      '@opentelemetry/api': 1.9.1
      '@opentelemetry/api-logs': 0.53.0
      '@types/shimmer': 1.2.0
      import-in-the-middle: 1.15.0
      require-in-the-middle: 7.5.2
      semver: 7.8.0
      shimmer: 1.2.1
    transitivePeerDependencies:
      - supports-color
    optional: true

  '@opentelemetry/instrumentation@0.57.1(@opentelemetry/api@1.9.1)':
    dependencies:
      '@opentelemetry/api': 1.9.1
      '@opentelemetry/api-logs': 0.57.1
      '@types/shimmer': 1.2.0
      import-in-the-middle: 1.15.0
      require-in-the-middle: 7.5.2
      semver: 7.8.0
      shimmer: 1.2.1
    transitivePeerDependencies:
      - supports-color
    optional: true

  '@opentelemetry/instrumentation@0.57.2(@opentelemetry/api@1.9.1)':
    dependencies:
      '@opentelemetry/api': 1.9.1
      '@opentelemetry/api-logs': 0.57.2
      '@types/shimmer': 1.2.0
      import-in-the-middle: 1.15.0
      require-in-the-middle: 7.5.2
      semver: 7.8.0
      shimmer: 1.2.1
    transitivePeerDependencies:
      - supports-color
    optional: true

  '@opentelemetry/redis-common@0.36.2':
    optional: true

  '@opentelemetry/resources@1.30.1(@opentelemetry/api@1.9.1)':
    dependencies:
      '@opentelemetry/api': 1.9.1
      '@opentelemetry/core': 1.30.1(@opentelemetry/api@1.9.1)
      '@opentelemetry/semantic-conventions': 1.28.0
    optional: true

  '@opentelemetry/sdk-trace-base@1.30.1(@opentelemetry/api@1.9.1)':
    dependencies:
      '@opentelemetry/api': 1.9.1
      '@opentelemetry/core': 1.30.1(@opentelemetry/api@1.9.1)
      '@opentelemetry/resources': 1.30.1(@opentelemetry/api@1.9.1)
      '@opentelemetry/semantic-conventions': 1.28.0
    optional: true

  '@opentelemetry/semantic-conventions@1.27.0':
    optional: true

  '@opentelemetry/semantic-conventions@1.28.0':
    optional: true

  '@opentelemetry/semantic-conventions@1.41.1':
    optional: true

  '@opentelemetry/sql-common@0.40.1(@opentelemetry/api@1.9.1)':
    dependencies:
      '@opentelemetry/api': 1.9.1
      '@opentelemetry/core': 1.30.1(@opentelemetry/api@1.9.1)
    optional: true

  '@prisma/instrumentation@5.22.0':
    dependencies:
      '@opentelemetry/api': 1.9.1
      '@opentelemetry/instrumentation': 0.53.0(@opentelemetry/api@1.9.1)
      '@opentelemetry/sdk-trace-base': 1.30.1(@opentelemetry/api@1.9.1)
    transitivePeerDependencies:
      - supports-color
    optional: true

  '@sentry/core@8.55.2':
    optional: true

  '@sentry/node@8.55.2':
    dependencies:
      '@opentelemetry/api': 1.9.1
      '@opentelemetry/context-async-hooks': 1.30.1(@opentelemetry/api@1.9.1)
      '@opentelemetry/core': 1.30.1(@opentelemetry/api@1.9.1)
      '@opentelemetry/instrumentation': 0.57.2(@opentelemetry/api@1.9.1)
      '@opentelemetry/instrumentation-amqplib': 0.46.1(@opentelemetry/api@1.9.1)
      '@opentelemetry/instrumentation-connect': 0.43.0(@opentelemetry/api@1.9.1)
      '@opentelemetry/instrumentation-dataloader': 0.16.0(@opentelemetry/api@1.9.1)
      '@opentelemetry/instrumentation-express': 0.47.0(@opentelemetry/api@1.9.1)
      '@opentelemetry/instrumentation-fastify': 0.44.1(@opentelemetry/api@1.9.1)
      '@opentelemetry/instrumentation-fs': 0.19.0(@opentelemetry/api@1.9.1)
      '@opentelemetry/instrumentation-generic-pool': 0.43.0(@opentelemetry/api@1.9.1)
      '@opentelemetry/instrumentation-graphql': 0.47.0(@opentelemetry/api@1.9.1)
      '@opentelemetry/instrumentation-hapi': 0.45.1(@opentelemetry/api@1.9.1)
      '@opentelemetry/instrumentation-http': 0.57.1(@opentelemetry/api@1.9.1)
      '@opentelemetry/instrumentation-ioredis': 0.47.0(@opentelemetry/api@1.9.1)
      '@opentelemetry/instrumentation-kafkajs': 0.7.0(@opentelemetry/api@1.9.1)
      '@opentelemetry/instrumentation-knex': 0.44.0(@opentelemetry/api@1.9.1)
      '@opentelemetry/instrumentation-koa': 0.47.0(@opentelemetry/api@1.9.1)
      '@opentelemetry/instrumentation-lru-memoizer': 0.44.0(@opentelemetry/api@1.9.1)
      '@opentelemetry/instrumentation-mongodb': 0.51.0(@opentelemetry/api@1.9.1)
      '@opentelemetry/instrumentation-mongoose': 0.46.0(@opentelemetry/api@1.9.1)
      '@opentelemetry/instrumentation-mysql': 0.45.0(@opentelemetry/api@1.9.1)
      '@opentelemetry/instrumentation-mysql2': 0.45.0(@opentelemetry/api@1.9.1)
      '@opentelemetry/instrumentation-nestjs-core': 0.44.0(@opentelemetry/api@1.9.1)
      '@opentelemetry/instrumentation-pg': 0.50.0(@opentelemetry/api@1.9.1)
      '@opentelemetry/instrumentation-redis-4': 0.46.0(@opentelemetry/api@1.9.1)
      '@opentelemetry/instrumentation-tedious': 0.18.0(@opentelemetry/api@1.9.1)
      '@opentelemetry/instrumentation-undici': 0.10.0(@opentelemetry/api@1.9.1)
      '@opentelemetry/resources': 1.30.1(@opentelemetry/api@1.9.1)
      '@opentelemetry/sdk-trace-base': 1.30.1(@opentelemetry/api@1.9.1)
      '@opentelemetry/semantic-conventions': 1.41.1
      '@prisma/instrumentation': 5.22.0
      '@sentry/core': 8.55.2
      '@sentry/opentelemetry': 8.55.2(@opentelemetry/api@1.9.1)(@opentelemetry/context-async-hooks@1.30.1(@opentelemetry/api@1.9.1))(@opentelemetry/core@1.30.1(@opentelemetry/api@1.9.1))(@opentelemetry/instrumentation@0.57.2(@opentelemetry/api@1.9.1))(@opentelemetry/sdk-trace-base@1.30.1(@opentelemetry/api@1.9.1))(@opentelemetry/semantic-conventions@1.41.1)
      import-in-the-middle: 1.15.0
    transitivePeerDependencies:
      - supports-color
    optional: true

  '@sentry/opentelemetry@8.55.2(@opentelemetry/api@1.9.1)(@opentelemetry/context-async-hooks@1.30.1(@opentelemetry/api@1.9.1))(@opentelemetry/core@1.30.1(@opentelemetry/api@1.9.1))(@opentelemetry/instrumentation@0.57.2(@opentelemetry/api@1.9.1))(@opentelemetry/sdk-trace-base@1.30.1(@opentelemetry/api@1.9.1))(@opentelemetry/semantic-conventions@1.41.1)':
    dependencies:
      '@opentelemetry/api': 1.9.1
      '@opentelemetry/context-async-hooks': 1.30.1(@opentelemetry/api@1.9.1)
      '@opentelemetry/core': 1.30.1(@opentelemetry/api@1.9.1)
      '@opentelemetry/instrumentation': 0.57.2(@opentelemetry/api@1.9.1)
      '@opentelemetry/sdk-trace-base': 1.30.1(@opentelemetry/api@1.9.1)
      '@opentelemetry/semantic-conventions': 1.41.1
      '@sentry/core': 8.55.2
    optional: true

  '@types/connect@3.4.36':
    dependencies:
      '@types/node': 20.19.41
    optional: true

  '@types/mysql@2.15.26':
    dependencies:
      '@types/node': 20.19.41
    optional: true

  '@types/node@20.19.41':
    dependencies:
      undici-types: 6.21.0

  '@types/pg-pool@2.0.6':
    dependencies:
      '@types/pg': 8.6.1
    optional: true

  '@types/pg@8.6.1':
    dependencies:
      '@types/node': 20.19.41
      pg-protocol: 1.14.0
      pg-types: 2.2.0
    optional: true

  '@types/shimmer@1.2.0':
    optional: true

  '@types/tedious@4.0.14':
    dependencies:
      '@types/node': 20.19.41
    optional: true

  acorn-import-attributes@1.9.5(acorn@8.16.0):
    dependencies:
      acorn: 8.16.0
    optional: true

  acorn@8.16.0:
    optional: true

  cjs-module-lexer@1.4.3:
    optional: true

  debug@4.4.3:
    dependencies:
      ms: 2.1.3
    optional: true

  es-errors@1.3.0:
    optional: true

  esbuild@0.27.7:
    optionalDependencies:
      '@esbuild/aix-ppc64': 0.27.7
      '@esbuild/android-arm': 0.27.7
      '@esbuild/android-arm64': 0.27.7
      '@esbuild/android-x64': 0.27.7
      '@esbuild/darwin-arm64': 0.27.7
      '@esbuild/darwin-x64': 0.27.7
      '@esbuild/freebsd-arm64': 0.27.7
      '@esbuild/freebsd-x64': 0.27.7
      '@esbuild/linux-arm': 0.27.7
      '@esbuild/linux-arm64': 0.27.7
      '@esbuild/linux-ia32': 0.27.7
      '@esbuild/linux-loong64': 0.27.7
      '@esbuild/linux-mips64el': 0.27.7
      '@esbuild/linux-ppc64': 0.27.7
      '@esbuild/linux-riscv64': 0.27.7
      '@esbuild/linux-s390x': 0.27.7
      '@esbuild/linux-x64': 0.27.7
      '@esbuild/netbsd-arm64': 0.27.7
      '@esbuild/netbsd-x64': 0.27.7
      '@esbuild/openbsd-arm64': 0.27.7
      '@esbuild/openbsd-x64': 0.27.7
      '@esbuild/openharmony-arm64': 0.27.7
      '@esbuild/sunos-x64': 0.27.7
      '@esbuild/win32-arm64': 0.27.7
      '@esbuild/win32-ia32': 0.27.7
      '@esbuild/win32-x64': 0.27.7

  forwarded-parse@2.1.2:
    optional: true

  fsevents@2.3.3:
    optional: true

  function-bind@1.1.2:
    optional: true

  get-tsconfig@4.14.0:
    dependencies:
      resolve-pkg-maps: 1.0.0

  hasown@2.0.3:
    dependencies:
      function-bind: 1.1.2
    optional: true

  import-in-the-middle@1.15.0:
    dependencies:
      acorn: 8.16.0
      acorn-import-attributes: 1.9.5(acorn@8.16.0)
      cjs-module-lexer: 1.4.3
      module-details-from-path: 1.0.4
    optional: true

  is-core-module@2.16.2:
    dependencies:
      hasown: 2.0.3
    optional: true

  module-details-from-path@1.0.4:
    optional: true

  ms@2.1.3:
    optional: true

  path-parse@1.0.7:
    optional: true

  pg-cloudflare@1.4.0:
    optional: true

  pg-connection-string@2.13.0:
    optional: true

  pg-int8@1.0.1:
    optional: true

  pg-pool@3.14.0(pg@8.21.0):
    dependencies:
      pg: 8.21.0
    optional: true

  pg-protocol@1.14.0:
    optional: true

  pg-types@2.2.0:
    dependencies:
      pg-int8: 1.0.1
      postgres-array: 2.0.0
      postgres-bytea: 1.0.1
      postgres-date: 1.0.7
      postgres-interval: 1.2.0
    optional: true

  pg@8.21.0:
    dependencies:
      pg-connection-string: 2.13.0
      pg-pool: 3.14.0(pg@8.21.0)
      pg-protocol: 1.14.0
      pg-types: 2.2.0
      pgpass: 1.0.5
    optionalDependencies:
      pg-cloudflare: 1.4.0
    optional: true

  pgpass@1.0.5:
    dependencies:
      split2: 4.2.0
    optional: true

  postgres-array@2.0.0:
    optional: true

  postgres-bytea@1.0.1:
    optional: true

  postgres-date@1.0.7:
    optional: true

  postgres-interval@1.2.0:
    dependencies:
      xtend: 4.0.2
    optional: true

  require-in-the-middle@7.5.2:
    dependencies:
      debug: 4.4.3
      module-details-from-path: 1.0.4
      resolve: 1.22.12
    transitivePeerDependencies:
      - supports-color
    optional: true

  resolve-pkg-maps@1.0.0: {}

  resolve@1.22.12:
    dependencies:
      es-errors: 1.3.0
      is-core-module: 2.16.2
      path-parse: 1.0.7
      supports-preserve-symlinks-flag: 1.0.0
    optional: true

  semver@7.8.0:
    optional: true

  shimmer@1.2.1:
    optional: true

  split2@4.2.0:
    optional: true

  supports-preserve-symlinks-flag@1.0.0:
    optional: true

  tsx@4.21.0:
    dependencies:
      esbuild: 0.27.7
      get-tsconfig: 4.14.0
    optionalDependencies:
      fsevents: 2.3.3

  typescript@5.9.3: {}

  undici-types@6.21.0: {}

  xtend@4.0.2:
    optional: true
